
Microsoft Visual Studio Solution File, Format Version 12.00
# Blend for Visual Studio Version 16
VisualStudioVersion = 16.0.31624.102
MinimumVisualStudioVersion = 10.0.40219.1
Project("{9A19103F-16F7-4668-BE54-9A1E7A4F7556}") = "Calculator", "Calculator.csproj", "{D6C5A519-46DC-4077-9191-ABAE6A0B0760}"
EndProject
Global
	GlobalSection(SolutionConfigurationPlatforms) = preSolution
		Debug|Any CPU = Debug|Any CPU
		Release|Any CPU = Release|Any CPU
	EndGlobalSection
	GlobalSection(ProjectConfigurationPlatforms) = postSolution
		{D6C5A519-46DC-4077-9191-ABAE6A0B0760}.Debug|Any CPU.ActiveCfg = Debug|Any CPU
		{D6C5A519-46DC-4077-9191-ABAE6A0B0760}.Debug|Any CPU.Build.0 = Debug|Any CPU
		{D6C5A519-46DC-4077-9191-ABAE6A0B0760}.Release|Any CPU.ActiveCfg = Release|Any CPU
		{D6C5A519-46DC-4077-9191-ABAE6A0B0760}.Release|Any CPU.Build.0 = Release|Any CPU
	EndGlobalSection
	GlobalSection(SolutionProperties) = preSolution
		HideSolutionNode = FALSE
	EndGlobalSection
	GlobalSection(ExtensibilityGlobals) = postSolution
		SolutionGuid = {2EAEE35D-49DC-4F15-9F2B-632887064CBE}
	EndGlobalSection
EndGlobal
